
Microsoft Visual Studio Solution File, Format Version 12.00
# Visual Studio Version 16
VisualStudioVersion = 16.0.31624.102
MinimumVisualStudioVersion = 10.0.40219.1
Project("{FAE04EC0-301F-11D3-BF4B-00C04F79EFBC}") = "GUIPBD", "GUIPBD\GUIPBD.csproj", "{11B3EF76-1526-4814-B635-96114EBF48F9}"
EndProject
Global
	GlobalSection(SolutionConfigurationPlatforms) = preSolution
		Debug|Any CPU = Debug|Any CPU
		Release|Any CPU = Release|Any CPU
	EndGlobalSection
	GlobalSection(ProjectConfigurationPlatforms) = postSolution
		{11B3EF76-1526-4814-B635-96114EBF48F9}.Debug|Any CPU.ActiveCfg = Debug|Any CPU
		{11B3EF76-1526-4814-B635-96114EBF48F9}.Debug|Any CPU.Build.0 = Debug|Any CPU
		{11B3EF76-1526-4814-B635-96114EBF48F9}.Release|Any CPU.ActiveCfg = Release|Any CPU
		{11B3EF76-1526-4814-B635-96114EBF48F9}.Release|Any CPU.Build.0 = Release|Any CPU
	EndGlobalSection
	GlobalSection(SolutionProperties) = preSolution
		HideSolutionNode = FALSE
	EndGlobalSection
	GlobalSection(ExtensibilityGlobals) = postSolution
		SolutionGuid = {29CE8DB4-E98B-491F-82DC-FBBEF12FD632}
	EndGlobalSection
EndGlobal
